
Microsoft Visual Studio Solution File, Format Version 12.00
# Visual Studio Version 17
VisualStudioVersion = 17.1.32421.90
MinimumVisualStudioVersion = 10.0.40219.1
Project("{FAE04EC0-301F-11D3-BF4B-00C04F79EFBC}") = "SpeechCommands", "SpeechCommands\SpeechCommands.csproj", "{F2096552-F209-4DF2-80E2-C3B0498039A0}"
EndProject
Global
	GlobalSection(SolutionConfigurationPlatforms) = preSolution
		Debug|Any CPU = Debug|Any CPU
		Release|Any CPU = Release|Any CPU
	EndGlobalSection
	GlobalSection(ProjectConfigurationPlatforms) = postSolution
		{F2096552-F209-4DF2-80E2-C3B0498039A0}.Debug|Any CPU.ActiveCfg = Debug|Any CPU
		{F2096552-F209-4DF2-80E2-C3B0498039A0}.Debug|Any CPU.Build.0 = Debug|Any CPU
		{F2096552-F209-4DF2-80E2-C3B0498039A0}.Release|Any CPU.ActiveCfg = Release|Any CPU
		{F2096552-F209-4DF2-80E2-C3B0498039A0}.Release|Any CPU.Build.0 = Release|Any CPU
	EndGlobalSection
	GlobalSection(SolutionProperties) = preSolution
		HideSolutionNode = FALSE
	EndGlobalSection
	GlobalSection(ExtensibilityGlobals) = postSolution
		SolutionGuid = {22419F1F-39C4-4313-9D93-D302E06A95B4}
	EndGlobalSection
EndGlobal
